// !$*UTF8*$!
{
	archiveVersion = 1;
	classes = {
	};
	objectVersion = 46;
	objects = {

/* Begin PBXBuildFile section */
		4929B8241F1C0D730098946D /* AppDelegate.swift in Sources */ = {isa = PBXBuildFile; fileRef = 4929B8231F1C0D730098946D /* AppDelegate.swift */; };
		4929B8261F1C0D730098946D /* ViewController.swift in Sources */ = {isa = PBXBuildFile; fileRef = 4929B8251F1C0D730098946D /* ViewController.swift */; };
		4929B8291F1C0D730098946D /* Main.storyboard in Resources */ = {isa = PBXBuildFile; fileRef = 4929B8271F1C0D730098946D /* Main.storyboard */; };
		4929B82B1F1C0D730098946D /* Assets.xcassets in Resources */ = {isa = PBXBuildFile; fileRef = 4929B82A1F1C0D730098946D /* Assets.xcassets */; };
		4929B82E1F1C0D730098946D /* LaunchScreen.storyboard in Resources */ = {isa = PBXBuildFile; fileRef = 4929B82C1F1C0D730098946D /* LaunchScreen.storyboard */; };
		4929B8361F1CFD4C0098946D /* GoogleService-Info.plist in Resources */ = {isa = PBXBuildFile; fileRef = 4929B8351F1CFD4C0098946D /* GoogleService-Info.plist */; };
		4929B8381F1CFF210098946D /* Bandas.swift in Sources */ = {isa = PBXBuildFile; fileRef = 4929B8371F1CFF210098946D /* Bandas.swift */; };
		4929B83A1F1D07460098946D /* InfoViewController.swift in Sources */ = {isa = PBXBuildFile; fileRef = 4929B8391F1D07460098946D /* InfoViewController.swift */; };
		C49DF3A366408A4C458CF054 /* Pods_FirebaseBasics.framework in Frameworks */ = {isa = PBXBuildFile; fileRef = 13F3AAC8AEF5E1D6A565F89E /* Pods_FirebaseBasics.framework */; };
/* End PBXBuildFile section */

/* Begin PBXFileReference section */
		13F3AAC8AEF5E1D6A565F89E /* Pods_FirebaseBasics.framework */ = {isa = PBXFileReference; explicitFileType = wrapper.framework; includeInIndex = 0; path = Pods_FirebaseBasics.framework; sourceTree = BUILT_PRODUCTS_DIR; };
		3A3B5ECC0D4B3C6C4626CE49 /* Pods-FirebaseBasics.debug.xcconfig */ = {isa = PBXFileReference; includeInIndex = 1; lastKnownFileType = text.xcconfig; name = "Pods-FirebaseBasics.debug.xcconfig"; path = "Pods/Target Support Files/Pods-FirebaseBasics/Pods-FirebaseBasics.debug.xcconfig"; sourceTree = "<group>"; };
		4929B8201F1C0D730098946D /* FirebaseBasics.app */ = {isa = PBXFileReference; explicitFileType = wrapper.application; includeInIndex = 0; path = FirebaseBasics.app; sourceTree = BUILT_PRODUCTS_DIR; };
		4929B8231F1C0D730098946D /* AppDelegate.swift */ = {isa = PBXFileReference; lastKnownFileType = sourcecode.swift; path = AppDelegate.swift; sourceTree = "<group>"; };
		4929B8251F1C0D730098946D /* ViewController.swift */ = {isa = PBXFileReference; lastKnownFileType = sourcecode.swift; path = ViewController.swift; sourceTree = "<group>"; };
		4929B8281F1C0D730098946D /* Base */ = {isa = PBXFileReference; lastKnownFileType = file.storyboard; name = Base; path = Base.lproj/Main.storyboard; sourceTree = "<group>"; };
		4929B82A1F1C0D730098946D /* Assets.xcassets */ = {isa = PBXFileReference; lastKnownFileType = folder.assetcatalog; path = Assets.xcassets; sourceTree = "<group>"; };
		4929B82D1F1C0D730098946D /* Base */ = {isa = PBXFileReference; lastKnownFileType = file.storyboard; name = Base; path = Base.lproj/LaunchScreen.storyboard; sourceTree = "<group>"; };
		4929B82F1F1C0D730098946D /* Info.plist */ = {isa = PBXFileReference; lastKnownFileType = text.plist.xml; path = Info.plist; sourceTree = "<group>"; };
		4929B8351F1CFD4C0098946D /* GoogleService-Info.plist */ = {isa = PBXFileReference; fileEncoding = 4; lastKnownFileType = text.plist.xml; path = "GoogleService-Info.plist"; sourceTree = "<group>"; };
		4929B8371F1CFF210098946D /* Bandas.swift */ = {isa = PBXFileReference; fileEncoding = 4; lastKnownFileType = sourcecode.swift; path = Bandas.swift; sourceTree = "<group>"; };
		4929B8391F1D07460098946D /* InfoViewController.swift */ = {isa = PBXFileReference; fileEncoding = 4; lastKnownFileType = sourcecode.swift; path = InfoViewController.swift; sourceTree = "<group>"; };
		BFCCC69A0660DAEFAF128112 /* Pods-FirebaseBasics.release.xcconfig */ = {isa = PBXFileReference; includeInIndex = 1; lastKnownFileType = text.xcconfig; name = "Pods-FirebaseBasics.release.xcconfig"; path = "Pods/Target Support Files/Pods-FirebaseBasics/Pods-FirebaseBasics.release.xcconfig"; sourceTree = "<group>"; };
/* End PBXFileReference section */

/* Begin PBXFrameworksBuildPhase section */
		4929B81D1F1C0D730098946D /* Frameworks */ = {
			isa = PBXFrameworksBuildPhase;
			buildActionMask = 2147483647;
			files = (
				C49DF3A366408A4C458CF054 /* Pods_FirebaseBasics.framework in Frameworks */,
			);
			runOnlyForDeploymentPostprocessing = 0;
		};
/* End PBXFrameworksBuildPhase section */

/* Begin PBXGroup section */
		21AF8E2775B20830385D56C3 /* Pods */ = {
			isa = PBXGroup;
			children = (
				3A3B5ECC0D4B3C6C4626CE49 /* Pods-FirebaseBasics.debug.xcconfig */,
				BFCCC69A0660DAEFAF128112 /* Pods-FirebaseBasics.release.xcconfig */,
			);
			name = Pods;
			sourceTree = "<group>";
		};
		4929B8171F1C0D730098946D = {
			isa = PBXGroup;
			children = (
				4929B8221F1C0D730098946D /* FirebaseBasics */,
				4929B8211F1C0D730098946D /* Products */,
				21AF8E2775B20830385D56C3 /* Pods */,
				97188CFED55B74222A690038 /* Frameworks */,
			);
			sourceTree = "<group>";
		};
		4929B8211F1C0D730098946D /* Products */ = {
			isa = PBXGroup;
			children = (
				4929B8201F1C0D730098946D /* FirebaseBasics.app */,
			);
			name = Products;
			sourceTree = "<group>";
		};
		4929B8221F1C0D730098946D /* FirebaseBasics */ = {
			isa = PBXGroup;
			children = (
				4929B8351F1CFD4C0098946D /* GoogleService-Info.plist */,
				4929B8231F1C0D730098946D /* AppDelegate.swift */,
				4929B8251F1C0D730098946D /* ViewController.swift */,
				4929B8371F1CFF210098946D /* Bandas.swift */,
				4929B8391F1D07460098946D /* InfoViewController.swift */,
				4929B8271F1C0D730098946D /* Main.storyboard */,
				4929B82A1F1C0D730098946D /* Assets.xcassets */,
				4929B82C1F1C0D730098946D /* LaunchScreen.storyboard */,
				4929B82F1F1C0D730098946D /* Info.plist */,
			);
			path = FirebaseBasics;
			sourceTree = "<group>";
		};
		97188CFED55B74222A690038 /* Frameworks */ = {
			isa = PBXGroup;
			children = (
				13F3AAC8AEF5E1D6A565F89E /* Pods_FirebaseBasics.framework */,
			);
			name = Frameworks;
			sourceTree = "<group>";
		};
/* End PBXGroup section */

/* Begin PBXNativeTarget section */
		4929B81F1F1C0D730098946D /* FirebaseBasics */ = {
			isa = PBXNativeTarget;
			buildConfigurationList = 4929B8321F1C0D730098946D /* Build configuration list for PBXNativeTarget "FirebaseBasics" */;
			buildPhases = (
				40BDD7F53928FBA2F2C36237 /* [CP] Check Pods Manifest.lock */,
				4929B81C1F1C0D730098946D /* Sources */,
				4929B81D1F1C0D730098946D /* Frameworks */,
				4929B81E1F1C0D730098946D /* Resources */,
				9801362CBF28947D7BD0378E /* [CP] Embed Pods Frameworks */,
				C8117752F4340F5E89B99A28 /* [CP] Copy Pods Resources */,
			);
			buildRules = (
			);
			dependencies = (
			);
			name = FirebaseBasics;
			productName = FirebaseBasics;
			productReference = 4929B8201F1C0D730098946D /* FirebaseBasics.app */;
			productType = "com.apple.product-type.application";
		};
/* End PBXNativeTarget section */

/* Begin PBXProject section */
		4929B8181F1C0D730098946D /* Project object */ = {
			isa = PBXProject;
			attributes = {
				LastSwiftUpdateCheck = 0830;
				LastUpgradeCheck = 0830;
				ORGANIZATIONNAME = "Mariana Meireles";
				TargetAttributes = {
					4929B81F1F1C0D730098946D = {
						CreatedOnToolsVersion = 8.3.3;
						DevelopmentTeam = GQU3QL4RG3;
						ProvisioningStyle = Automatic;
					};
				};
			};
			buildConfigurationList = 4929B81B1F1C0D730098946D /* Build configuration list for PBXProject "FirebaseBasics" */;
			compatibilityVersion = "Xcode 3.2";
			developmentRegion = English;
			hasScannedForEncodings = 0;
			knownRegions = (
				en,
				Base,
			);
			mainGroup = 4929B8171F1C0D730098946D;
			productRefGroup = 4929B8211F1C0D730098946D /* Products */;
			projectDirPath = "";
			projectRoot = "";
			targets = (
				4929B81F1F1C0D730098946D /* FirebaseBasics */,
			);
		};
/* End PBXProject section */

/* Begin PBXResourcesBuildPhase section */
		4929B81E1F1C0D730098946D /* Resources */ = {
			isa = PBXResourcesBuildPhase;
			buildActionMask = 2147483647;
			files = (
				4929B82E1F1C0D730098946D /* LaunchScreen.storyboard in Resources */,
				4929B8361F1CFD4C0098946D /* GoogleService-Info.plist in Resources */,
				4929B82B1F1C0D730098946D /* Assets.xcassets in Resources */,
				4929B8291F1C0D730098946D /* Main.storyboard in Resources */,
			);
			runOnlyForDeploymentPostprocessing = 0;
		};
/* End PBXResourcesBuildPhase section */

/* Begin PBXShellScriptBuildPhase section */
		40BDD7F53928FBA2F2C36237 /* [CP] Check Pods Manifest.lock */ = {
			isa = PBXShellScriptBuildPhase;
			buildActionMask = 2147483647;
			files = (
			);
			inputPaths = (
			);
			name = "[CP] Check Pods Manifest.lock";
			outputPaths = (
			);
			runOnlyForDeploymentPostprocessing = 0;
			shellPath = /bin/sh;
			shellScript = "diff \"${PODS_ROOT}/../Podfile.lock\" \"${PODS_ROOT}/Manifest.lock\" > /dev/null\nif [[ $? != 0 ]] ; then\n    cat << EOM\nerror: The sandbox is not in sync with the Podfile.lock. Run 'pod install' or update your CocoaPods installation.\nEOM\n    exit 1\nfi\n";
			showEnvVarsInLog = 0;
		};
		9801362CBF28947D7BD0378E /* [CP] Embed Pods Frameworks */ = {
			isa = PBXShellScriptBuildPhase;
			buildActionMask = 2147483647;
			files = (
			);
			inputPaths = (
			);
			name = "[CP] Embed Pods Frameworks";
			outputPaths = (
			);
			runOnlyForDeploymentPostprocessing = 0;
			shellPath = /bin/sh;
			shellScript = "\"${SRCROOT}/Pods/Target Support Files/Pods-FirebaseBasics/Pods-FirebaseBasics-frameworks.sh\"\n";
			showEnvVarsInLog = 0;
		};
		C8117752F4340F5E89B99A28 /* [CP] Copy Pods Resources */ = {
			isa = PBXShellScriptBuildPhase;
			buildActionMask = 2147483647;
			files = (
			);
			inputPaths = (
			);
			name = "[CP] Copy Pods Resources";
			outputPaths = (
			);
			runOnlyForDeploymentPostprocessing = 0;
			shellPath = /bin/sh;
			shellScript = "\"${SRCROOT}/Pods/Target Support Files/Pods-FirebaseBasics/Pods-FirebaseBasics-resources.sh\"\n";
			showEnvVarsInLog = 0;
		};
/* End PBXShellScriptBuildPhase section */

/* Begin PBXSourcesBuildPhase section */
		4929B81C1F1C0D730098946D /* Sources */ = {
			isa = PBXSourcesBuildPhase;
			buildActionMask = 2147483647;
			files = (
				4929B8261F1C0D730098946D /* ViewController.swift in Sources */,
				4929B8381F1CFF210098946D /* Bandas.swift in Sources */,
				4929B83A1F1D07460098946D /* InfoViewController.swift in Sources */,
				4929B8241F1C0D730098946D /* AppDelegate.swift in Sources */,
			);
			runOnlyForDeploymentPostprocessing = 0;
		};
/* End PBXSourcesBuildPhase section */

/* Begin PBXVariantGroup section */
		4929B8271F1C0D730098946D /* Main.storyboard */ = {
			isa = PBXVariantGroup;
			children = (
				4929B8281F1C0D730098946D /* Base */,
			);
			name = Main.storyboard;
			sourceTree = "<group>";
		};
		4929B82C1F1C0D730098946D /* LaunchScreen.storyboard */ = {
			isa = PBXVariantGroup;
			children = (
				4929B82D1F1C0D730098946D /* Base */,
			);
			name = LaunchScreen.storyboard;
			sourceTree = "<group>";
		};
/* End PBXVariantGroup section */

/* Begin XCBuildConfiguration section */
		4929B8301F1C0D730098946D /* Debug */ = {
			isa = XCBuildConfiguration;
			buildSettings = {
				ALWAYS_SEARCH_USER_PATHS = NO;
				CLANG_ANALYZER_NONNULL = YES;
				CLANG_ANALYZER_NUMBER_OBJECT_CONVERSION = YES_AGGRESSIVE;
				CLANG_CXX_LANGUAGE_STANDARD = "gnu++0x";
				CLANG_CXX_LIBRARY = "libc++";
				CLANG_ENABLE_MODULES = YES;
				CLANG_ENABLE_OBJC_ARC = YES;
				CLANG_WARN_BOOL_CONVERSION = YES;
				CLANG_WARN_CONSTANT_CONVERSION = YES;
				CLANG_WARN_DIRECT_OBJC_ISA_USAGE = YES_ERROR;
				CLANG_WARN_DOCUMENTATION_COMMENTS = YES;
				CLANG_WARN_EMPTY_BODY = YES;
				CLANG_WARN_ENUM_CONVERSION = YES;
				CLANG_WARN_INFINITE_RECURSION = YES;
				CLANG_WARN_INT_CONVERSION = YES;
				CLANG_WARN_OBJC_ROOT_CLASS = YES_ERROR;
				CLANG_WARN_SUSPICIOUS_MOVE = YES;
				CLANG_WARN_UNREACHABLE_CODE = YES;
				CLANG_WARN__DUPLICATE_METHOD_MATCH = YES;
				"CODE_SIGN_IDENTITY[sdk=iphoneos*]" = "iPhone Developer";
				COPY_PHASE_STRIP = NO;
				DEBUG_INFORMATION_FORMAT = dwarf;
				ENABLE_STRICT_OBJC_MSGSEND = YES;
				ENABLE_TESTABILITY = YES;
				GCC_C_LANGUAGE_STANDARD = gnu99;
				GCC_DYNAMIC_NO_PIC = NO;
				GCC_NO_COMMON_BLOCKS = YES;
				GCC_OPTIMIZATION_LEVEL = 0;
				GCC_PREPROCESSOR_DEFINITIONS = (
					"DEBUG=1",
					"$(inherited)",
				);
				GCC_WARN_64_TO_32_BIT_CONVERSION = YES;
				GCC_WARN_ABOUT_RETURN_TYPE = YES_ERROR;
				GCC_WARN_UNDECLARED_SELECTOR = YES;
				GCC_WARN_UNINITIALIZED_AUTOS = YES_AGGRESSIVE;
				GCC_WARN_UNUSED_FUNCTION = YES;
				GCC_WARN_UNUSED_VARIABLE = YES;
				IPHONEOS_DEPLOYMENT_TARGET = 10.3;
				MTL_ENABLE_DEBUG_INFO = YES;
				ONLY_ACTIVE_ARCH = YES;
				SDKROOT = iphoneos;
				SWIFT_ACTIVE_COMPILATION_CONDITIONS = DEBUG;
				SWIFT_OPTIMIZATION_LEVEL = "-Onone";
				TARGETED_DEVICE_FAMILY = "1,2";
			};
			name = Debug;
		};
		4929B8311F1C0D730098946D /* Release */ = {
			isa = XCBuildConfiguration;
			buildSettings = {
				ALWAYS_SEARCH_USER_PATHS = NO;
				CLANG_ANALYZER_NONNULL = YES;
				CLANG_ANALYZER_NUMBER_OBJECT_CONVERSION = YES_AGGRESSIVE;
				CLANG_CXX_LANGUAGE_STANDARD = "gnu++0x";
				CLANG_CXX_LIBRARY = "libc++";
				CLANG_ENABLE_MODULES = YES;
				CLANG_ENABLE_OBJC_ARC = YES;
				CLANG_WARN_BOOL_CONVERSION = YES;
				CLANG_WARN_CONSTANT_CONVERSION = YES;
				CLANG_WARN_DIRECT_OBJC_ISA_USAGE = YES_ERROR;
				CLANG_WARN_DOCUMENTATION_COMMENTS = YES;
				CLANG_WARN_EMPTY_BODY = YES;
				CLANG_WARN_ENUM_CONVERSION = YES;
				CLANG_WARN_INFINITE_RECURSION = YES;
				CLANG_WARN_INT_CONVERSION = YES;
				CLANG_WARN_OBJC_ROOT_CLASS = YES_ERROR;
				CLANG_WARN_SUSPICIOUS_MOVE = YES;
				CLANG_WARN_UNREACHABLE_CODE = YES;
				CLANG_WARN__DUPLICATE_METHOD_MATCH = YES;
				"CODE_SIGN_IDENTITY[sdk=iphoneos*]" = "iPhone Developer";
				COPY_PHASE_STRIP = NO;
				DEBUG_INFORMATION_FORMAT = "dwarf-with-dsym";
				ENABLE_NS_ASSERTIONS = NO;
				ENABLE_STRICT_OBJC_MSGSEND = YES;
				GCC_C_LANGUAGE_STANDARD = gnu99;
				GCC_NO_COMMON_BLOCKS = YES;
				GCC_WARN_64_TO_32_BIT_CONVERSION = YES;
				GCC_WARN_ABOUT_RETURN_TYPE = YES_ERROR;
				GCC_WARN_UNDECLARED_SELECTOR = YES;
				GCC_WARN_UNINITIALIZED_AUTOS = YES_AGGRESSIVE;
				GCC_WARN_UNUSED_FUNCTION = YES;
				GCC_WARN_UNUSED_VARIABLE = YES;
				IPHONEOS_DEPLOYMENT_TARGET = 10.3;
				MTL_ENABLE_DEBUG_INFO = NO;
				SDKROOT = iphoneos;
				SWIFT_OPTIMIZATION_LEVEL = "-Owholemodule";
				TARGETED_DEVICE_FAMILY = "1,2";
				VALIDATE_PRODUCT = YES;
			};
			name = Release;
		};
		4929B8331F1C0D730098946D /* Debug */ = {
			isa = XCBuildConfiguration;
			baseConfigurationReference = 3A3B5ECC0D4B3C6C4626CE49 /* Pods-FirebaseBasics.debug.xcconfig */;
			buildSettings = {
				ASSETCATALOG_COMPILER_APPICON_NAME = AppIcon;
				DEVELOPMENT_TEAM = GQU3QL4RG3;
				INFOPLIST_FILE = FirebaseBasics/Info.plist;
				LD_RUNPATH_SEARCH_PATHS = "$(inherited) @executable_path/Frameworks";
				PRODUCT_BUNDLE_IDENTIFIER = BEPID.FirebaseBasics;
				PRODUCT_NAME = "$(TARGET_NAME)";
				SWIFT_VERSION = 3.0;
			};
			name = Debug;
		};
		4929B8341F1C0D730098946D /* Release */ = {
			isa = XCBuildConfiguration;
			baseConfigurationReference = BFCCC69A0660DAEFAF128112 /* Pods-FirebaseBasics.release.xcconfig */;
			buildSettings = {
				ASSETCATALOG_COMPILER_APPICON_NAME = AppIcon;
				DEVELOPMENT_TEAM = GQU3QL4RG3;
				INFOPLIST_FILE = FirebaseBasics/Info.plist;
				LD_RUNPATH_SEARCH_PATHS = "$(inherited) @executable_path/Frameworks";
				PRODUCT_BUNDLE_IDENTIFIER = BEPID.FirebaseBasics;
				PRODUCT_NAME = "$(TARGET_NAME)";
				SWIFT_VERSION = 3.0;
			};
			name = Release;
		};
/* End XCBuildConfiguration section */

/* Begin XCConfigurationList section */
		4929B81B1F1C0D730098946D /* Build configuration list for PBXProject "FirebaseBasics" */ = {
			isa = XCConfigurationList;
			buildConfigurations = (
				4929B8301F1C0D730098946D /* Debug */,
				4929B8311F1C0D730098946D /* Release */,
			);
			defaultConfigurationIsVisible = 0;
			defaultConfigurationName = Release;
		};
		4929B8321F1C0D730098946D /* Build configuration list for PBXNativeTarget "FirebaseBasics" */ = {
			isa = XCConfigurationList;
			buildConfigurations = (
				4929B8331F1C0D730098946D /* Debug */,
				4929B8341F1C0D730098946D /* Release */,
			);
			defaultConfigurationIsVisible = 0;
			defaultConfigurationName = Release;
		};
/* End XCConfigurationList section */
	};
	rootObject = 4929B8181F1C0D730098946D /* Project object */;
}
